// !$*UTF8*$!
{
	archiveVersion = 1;
	classes = {
	};
	objectVersion = 46;
	objects = {

/* Begin PBXBuildFile section */
		2ACCD8A4231AAAD100A96B62 /* RichViewController.swift in Sources */ = {isa = PBXBuildFile; fileRef = 2ACCD8A3231AAAD100A96B62 /* RichViewController.swift */; };
		2ACCD8A6231AAADB00A96B62 /* Rich.storyboard in Resources */ = {isa = PBXBuildFile; fileRef = 2ACCD8A5231AAADB00A96B62 /* Rich.storyboard */; };
		2ACCD8A9231AB0E900A96B62 /* NumericPinField.swift in Sources */ = {isa = PBXBuildFile; fileRef = 2ACCD8A8231AB0E900A96B62 /* NumericPinField.swift */; };
		2ACCD8AB231AB0FD00A96B62 /* PasscodeViewController.swift in Sources */ = {isa = PBXBuildFile; fileRef = 2ACCD8AA231AB0FD00A96B62 /* PasscodeViewController.swift */; };
		2ACCD8B4231B14BF00A96B62 /* CatalogTableViewCell.swift in Sources */ = {isa = PBXBuildFile; fileRef = 2ACCD8B3231B14BF00A96B62 /* CatalogTableViewCell.swift */; };
		2ACCD8B7231B201A00A96B62 /* TitleMessageViewController.swift in Sources */ = {isa = PBXBuildFile; fileRef = 2ACCD8B6231B201A00A96B62 /* TitleMessageViewController.swift */; };
		2ACCD8BA231BC01500A96B62 /* LongText.storyboard in Resources */ = {isa = PBXBuildFile; fileRef = 2ACCD8B9231BC01500A96B62 /* LongText.storyboard */; };
		2ACCD8BD231BC40100A96B62 /* AdvancedAlertViewController.swift in Sources */ = {isa = PBXBuildFile; fileRef = 2ACCD8BC231BC40100A96B62 /* AdvancedAlertViewController.swift */; };
		2ACCD8BF231BC5BD00A96B62 /* TextFieldViewController.swift in Sources */ = {isa = PBXBuildFile; fileRef = 2ACCD8BE231BC5BD00A96B62 /* TextFieldViewController.swift */; };
		2ACCD8C3231BC69100A96B62 /* FormResultViewController.swift in Sources */ = {isa = PBXBuildFile; fileRef = 2ACCD8C2231BC69100A96B62 /* FormResultViewController.swift */; };
		2ACCD8C5231BC6A200A96B62 /* TextField.storyboard in Resources */ = {isa = PBXBuildFile; fileRef = 2ACCD8C4231BC6A200A96B62 /* TextField.storyboard */; };
		2ACCD8C7231BCD7700A96B62 /* FormResult.storyboard in Resources */ = {isa = PBXBuildFile; fileRef = 2ACCD8C6231BCD7700A96B62 /* FormResult.storyboard */; };
		4137A9FD91D1549FEBB0B9A6 /* Pods_DWAlertController_Tests.framework in Frameworks */ = {isa = PBXBuildFile; fileRef = F17E5703643D3BFAEC7AD85A /* Pods_DWAlertController_Tests.framework */; };
		607FACD61AFB9204008FA782 /* AppDelegate.swift in Sources */ = {isa = PBXBuildFile; fileRef = 607FACD51AFB9204008FA782 /* AppDelegate.swift */; };
		607FACD81AFB9204008FA782 /* CatalogViewController.swift in Sources */ = {isa = PBXBuildFile; fileRef = 607FACD71AFB9204008FA782 /* CatalogViewController.swift */; };
		607FACDB1AFB9204008FA782 /* Main.storyboard in Resources */ = {isa = PBXBuildFile; fileRef = 607FACD91AFB9204008FA782 /* Main.storyboard */; };
		607FACDD1AFB9204008FA782 /* Images.xcassets in Resources */ = {isa = PBXBuildFile; fileRef = 607FACDC1AFB9204008FA782 /* Images.xcassets */; };
		607FACE01AFB9204008FA782 /* LaunchScreen.xib in Resources */ = {isa = PBXBuildFile; fileRef = 607FACDE1AFB9204008FA782 /* LaunchScreen.xib */; };
		607FACEC1AFB9204008FA782 /* Tests.swift in Sources */ = {isa = PBXBuildFile; fileRef = 607FACEB1AFB9204008FA782 /* Tests.swift */; };
		FCD5EB9EE10F923A982F4EAF /* Pods_DWAlertController_Example.framework in Frameworks */ = {isa = PBXBuildFile; fileRef = DB3CEE9EE95A6D510AA98AAC /* Pods_DWAlertController_Example.framework */; };
/* End PBXBuildFile section */

/* Begin PBXContainerItemProxy section */
		607FACE61AFB9204008FA782 /* PBXContainerItemProxy */ = {
			isa = PBXContainerItemProxy;
			containerPortal = 607FACC81AFB9204008FA782 /* Project object */;
			proxyType = 1;
			remoteGlobalIDString = 607FACCF1AFB9204008FA782;
			remoteInfo = DWAlertController;
		};
/* End PBXContainerItemProxy section */

/* Begin PBXFileReference section */
		14F600EE9D1132F8A66DC9CB /* Pods-DWAlertController_Tests.debug.xcconfig */ = {isa = PBXFileReference; includeInIndex = 1; lastKnownFileType = text.xcconfig; name = "Pods-DWAlertController_Tests.debug.xcconfig"; path = "Target Support Files/Pods-DWAlertController_Tests/Pods-DWAlertController_Tests.debug.xcconfig"; sourceTree = "<group>"; };
		21961216DC1C2BD5C8BD157C /* Pods-DWAlertController_Tests.release.xcconfig */ = {isa = PBXFileReference; includeInIndex = 1; lastKnownFileType = text.xcconfig; name = "Pods-DWAlertController_Tests.release.xcconfig"; path = "Target Support Files/Pods-DWAlertController_Tests/Pods-DWAlertController_Tests.release.xcconfig"; sourceTree = "<group>"; };
		2ACCD8A3231AAAD100A96B62 /* RichViewController.swift */ = {isa = PBXFileReference; lastKnownFileType = sourcecode.swift; path = RichViewController.swift; sourceTree = "<group>"; };
		2ACCD8A5231AAADB00A96B62 /* Rich.storyboard */ = {isa = PBXFileReference; lastKnownFileType = file.storyboard; path = Rich.storyboard; sourceTree = "<group>"; };
		2ACCD8A8231AB0E900A96B62 /* NumericPinField.swift */ = {isa = PBXFileReference; fileEncoding = 4; lastKnownFileType = sourcecode.swift; path = NumericPinField.swift; sourceTree = "<group>"; };
		2ACCD8AA231AB0FD00A96B62 /* PasscodeViewController.swift */ = {isa = PBXFileReference; lastKnownFileType = sourcecode.swift; path = PasscodeViewController.swift; sourceTree = "<group>"; };
		2ACCD8B3231B14BF00A96B62 /* CatalogTableViewCell.swift */ = {isa = PBXFileReference; lastKnownFileType = sourcecode.swift; path = CatalogTableViewCell.swift; sourceTree = "<group>"; };
		2ACCD8B6231B201A00A96B62 /* TitleMessageViewController.swift */ = {isa = PBXFileReference; lastKnownFileType = sourcecode.swift; path = TitleMessageViewController.swift; sourceTree = "<group>"; };
		2ACCD8B9231BC01500A96B62 /* LongText.storyboard */ = {isa = PBXFileReference; lastKnownFileType = file.storyboard; path = LongText.storyboard; sourceTree = "<group>"; };
		2ACCD8BC231BC40100A96B62 /* AdvancedAlertViewController.swift */ = {isa = PBXFileReference; lastKnownFileType = sourcecode.swift; path = AdvancedAlertViewController.swift; sourceTree = "<group>"; };
		2ACCD8BE231BC5BD00A96B62 /* TextFieldViewController.swift */ = {isa = PBXFileReference; lastKnownFileType = sourcecode.swift; path = TextFieldViewController.swift; sourceTree = "<group>"; };
		2ACCD8C2231BC69100A96B62 /* FormResultViewController.swift */ = {isa = PBXFileReference; lastKnownFileType = sourcecode.swift; path = FormResultViewController.swift; sourceTree = "<group>"; };
		2ACCD8C4231BC6A200A96B62 /* TextField.storyboard */ = {isa = PBXFileReference; lastKnownFileType = file.storyboard; path = TextField.storyboard; sourceTree = "<group>"; };
		2ACCD8C6231BCD7700A96B62 /* FormResult.storyboard */ = {isa = PBXFileReference; lastKnownFileType = file.storyboard; path = FormResult.storyboard; sourceTree = "<group>"; };
		3AEFAA1895D0CDEDB71DAE11 /* README.md */ = {isa = PBXFileReference; includeInIndex = 1; lastKnownFileType = net.daringfireball.markdown; name = README.md; path = ../README.md; sourceTree = "<group>"; };
		607FACD01AFB9204008FA782 /* DWAlertController_Example.app */ = {isa = PBXFileReference; explicitFileType = wrapper.application; includeInIndex = 0; path = DWAlertController_Example.app; sourceTree = BUILT_PRODUCTS_DIR; };
		607FACD41AFB9204008FA782 /* Info.plist */ = {isa = PBXFileReference; lastKnownFileType = text.plist.xml; path = Info.plist; sourceTree = "<group>"; };
		607FACD51AFB9204008FA782 /* AppDelegate.swift */ = {isa = PBXFileReference; lastKnownFileType = sourcecode.swift; path = AppDelegate.swift; sourceTree = "<group>"; };
		607FACD71AFB9204008FA782 /* CatalogViewController.swift */ = {isa = PBXFileReference; lastKnownFileType = sourcecode.swift; path = CatalogViewController.swift; sourceTree = "<group>"; };
		607FACDA1AFB9204008FA782 /* Base */ = {isa = PBXFileReference; lastKnownFileType = file.storyboard; name = Base; path = Base.lproj/Main.storyboard; sourceTree = "<group>"; };
		607FACDC1AFB9204008FA782 /* Images.xcassets */ = {isa = PBXFileReference; lastKnownFileType = folder.assetcatalog; path = Images.xcassets; sourceTree = "<group>"; };
		607FACDF1AFB9204008FA782 /* Base */ = {isa = PBXFileReference; lastKnownFileType = file.xib; name = Base; path = Base.lproj/LaunchScreen.xib; sourceTree = "<group>"; };
		607FACE51AFB9204008FA782 /* DWAlertController_Tests.xctest */ = {isa = PBXFileReference; explicitFileType = wrapper.cfbundle; includeInIndex = 0; path = DWAlertController_Tests.xctest; sourceTree = BUILT_PRODUCTS_DIR; };
		607FACEA1AFB9204008FA782 /* Info.plist */ = {isa = PBXFileReference; lastKnownFileType = text.plist.xml; path = Info.plist; sourceTree = "<group>"; };
		607FACEB1AFB9204008FA782 /* Tests.swift */ = {isa = PBXFileReference; lastKnownFileType = sourcecode.swift; path = Tests.swift; sourceTree = "<group>"; };
		A034BE6BB61427031B432D1A /* Pods-DWAlertController_Example.release.xcconfig */ = {isa = PBXFileReference; includeInIndex = 1; lastKnownFileType = text.xcconfig; name = "Pods-DWAlertController_Example.release.xcconfig"; path = "Target Support Files/Pods-DWAlertController_Example/Pods-DWAlertController_Example.release.xcconfig"; sourceTree = "<group>"; };
		AC4FC31E672ED9BDA0719C58 /* LICENSE */ = {isa = PBXFileReference; includeInIndex = 1; lastKnownFileType = text; name = LICENSE; path = ../LICENSE; sourceTree = "<group>"; };
		C2B614D9A5B3D41654FBA50E /* Pods-DWAlertController_Example.debug.xcconfig */ = {isa = PBXFileReference; includeInIndex = 1; lastKnownFileType = text.xcconfig; name = "Pods-DWAlertController_Example.debug.xcconfig"; path = "Target Support Files/Pods-DWAlertController_Example/Pods-DWAlertController_Example.debug.xcconfig"; sourceTree = "<group>"; };
		DB3CEE9EE95A6D510AA98AAC /* Pods_DWAlertController_Example.framework */ = {isa = PBXFileReference; explicitFileType = wrapper.framework; includeInIndex = 0; path = Pods_DWAlertController_Example.framework; sourceTree = BUILT_PRODUCTS_DIR; };
		F04D658941392BAE3E5FF35F /* DWAlertController.podspec */ = {isa = PBXFileReference; includeInIndex = 1; lastKnownFileType = text; name = DWAlertController.podspec; path = ../DWAlertController.podspec; sourceTree = "<group>"; };
		F17E5703643D3BFAEC7AD85A /* Pods_DWAlertController_Tests.framework */ = {isa = PBXFileReference; explicitFileType = wrapper.framework; includeInIndex = 0; path = Pods_DWAlertController_Tests.framework; sourceTree = BUILT_PRODUCTS_DIR; };
/* End PBXFileReference section */

/* Begin PBXFrameworksBuildPhase section */
		607FACCD1AFB9204008FA782 /* Frameworks */ = {
			isa = PBXFrameworksBuildPhase;
			buildActionMask = 2147483647;
			files = (
				FCD5EB9EE10F923A982F4EAF /* Pods_DWAlertController_Example.framework in Frameworks */,
			);
			runOnlyForDeploymentPostprocessing = 0;
		};
		607FACE21AFB9204008FA782 /* Frameworks */ = {
			isa = PBXFrameworksBuildPhase;
			buildActionMask = 2147483647;
			files = (
				4137A9FD91D1549FEBB0B9A6 /* Pods_DWAlertController_Tests.framework in Frameworks */,
			);
			runOnlyForDeploymentPostprocessing = 0;
		};
/* End PBXFrameworksBuildPhase section */

/* Begin PBXGroup section */
		2652A846A11A503A48F9057D /* Frameworks */ = {
			isa = PBXGroup;
			children = (
				DB3CEE9EE95A6D510AA98AAC /* Pods_DWAlertController_Example.framework */,
				F17E5703643D3BFAEC7AD85A /* Pods_DWAlertController_Tests.framework */,
			);
			name = Frameworks;
			sourceTree = "<group>";
		};
		2ACCD8A2231AAAAC00A96B62 /* Rich Alert */ = {
			isa = PBXGroup;
			children = (
				2ACCD8A5231AAADB00A96B62 /* Rich.storyboard */,
				2ACCD8A3231AAAD100A96B62 /* RichViewController.swift */,
			);
			path = "Rich Alert";
			sourceTree = "<group>";
		};
		2ACCD8A7231AB0E900A96B62 /* Passcode Alert */ = {
			isa = PBXGroup;
			children = (
				2ACCD8A8231AB0E900A96B62 /* NumericPinField.swift */,
				2ACCD8AA231AB0FD00A96B62 /* PasscodeViewController.swift */,
			);
			path = "Passcode Alert";
			sourceTree = "<group>";
		};
		2ACCD8B5231B1FFC00A96B62 /* Title Message Alert */ = {
			isa = PBXGroup;
			children = (
				2ACCD8B6231B201A00A96B62 /* TitleMessageViewController.swift */,
			);
			path = "Title Message Alert";
			sourceTree = "<group>";
		};
		2ACCD8B8231BBFF700A96B62 /* Long Text */ = {
			isa = PBXGroup;
			children = (
				2ACCD8B9231BC01500A96B62 /* LongText.storyboard */,
			);
			path = "Long Text";
			sourceTree = "<group>";
		};
		2ACCD8BB231BC3E800A96B62 /* Advanced */ = {
			isa = PBXGroup;
			children = (
				2ACCD8BC231BC40100A96B62 /* AdvancedAlertViewController.swift */,
				2ACCD8C6231BCD7700A96B62 /* FormResult.storyboard */,
				2ACCD8C2231BC69100A96B62 /* FormResultViewController.swift */,
				2ACCD8C4231BC6A200A96B62 /* TextField.storyboard */,
				2ACCD8BE231BC5BD00A96B62 /* TextFieldViewController.swift */,
			);
			path = Advanced;
			sourceTree = "<group>";
		};
		301AE8FF018F88CACF0B27FF /* Pods */ = {
			isa = PBXGroup;
			children = (
				C2B614D9A5B3D41654FBA50E /* Pods-DWAlertController_Example.debug.xcconfig */,
				A034BE6BB61427031B432D1A /* Pods-DWAlertController_Example.release.xcconfig */,
				14F600EE9D1132F8A66DC9CB /* Pods-DWAlertController_Tests.debug.xcconfig */,
				21961216DC1C2BD5C8BD157C /* Pods-DWAlertController_Tests.release.xcconfig */,
			);
			path = Pods;
			sourceTree = "<group>";
		};
		607FACC71AFB9204008FA782 = {
			isa = PBXGroup;
			children = (
				607FACF51AFB993E008FA782 /* Podspec Metadata */,
				607FACD21AFB9204008FA782 /* Example for DWAlertController */,
				607FACE81AFB9204008FA782 /* Tests */,
				607FACD11AFB9204008FA782 /* Products */,
				301AE8FF018F88CACF0B27FF /* Pods */,
				2652A846A11A503A48F9057D /* Frameworks */,
			);
			sourceTree = "<group>";
		};
		607FACD11AFB9204008FA782 /* Products */ = {
			isa = PBXGroup;
			children = (
				607FACD01AFB9204008FA782 /* DWAlertController_Example.app */,
				607FACE51AFB9204008FA782 /* DWAlertController_Tests.xctest */,
			);
			name = Products;
			sourceTree = "<group>";
		};
		607FACD21AFB9204008FA782 /* Example for DWAlertController */ = {
			isa = PBXGroup;
			children = (
				2ACCD8BB231BC3E800A96B62 /* Advanced */,
				2ACCD8B8231BBFF700A96B62 /* Long Text */,
				2ACCD8B5231B1FFC00A96B62 /* Title Message Alert */,
				2ACCD8A7231AB0E900A96B62 /* Passcode Alert */,
				2ACCD8A2231AAAAC00A96B62 /* Rich Alert */,
				607FACD71AFB9204008FA782 /* CatalogViewController.swift */,
				2ACCD8B3231B14BF00A96B62 /* CatalogTableViewCell.swift */,
				607FACD91AFB9204008FA782 /* Main.storyboard */,
				607FACDC1AFB9204008FA782 /* Images.xcassets */,
				607FACD31AFB9204008FA782 /* Supporting Files */,
			);
			name = "Example for DWAlertController";
			path = DWAlertController;
			sourceTree = "<group>";
		};
		607FACD31AFB9204008FA782 /* Supporting Files */ = {
			isa = PBXGroup;
			children = (
				607FACD51AFB9204008FA782 /* AppDelegate.swift */,
				607FACDE1AFB9204008FA782 /* LaunchScreen.xib */,
				607FACD41AFB9204008FA782 /* Info.plist */,
			);
			name = "Supporting Files";
			sourceTree = "<group>";
		};
		607FACE81AFB9204008FA782 /* Tests */ = {
			isa = PBXGroup;
			children = (
				607FACEB1AFB9204008FA782 /* Tests.swift */,
				607FACE91AFB9204008FA782 /* Supporting Files */,
			);
			path = Tests;
			sourceTree = "<group>";
		};
		607FACE91AFB9204008FA782 /* Supporting Files */ = {
			isa = PBXGroup;
			children = (
				607FACEA1AFB9204008FA782 /* Info.plist */,
			);
			name = "Supporting Files";
			sourceTree = "<group>";
		};
		607FACF51AFB993E008FA782 /* Podspec Metadata */ = {
			isa = PBXGroup;
			children = (
				F04D658941392BAE3E5FF35F /* DWAlertController.podspec */,
				3AEFAA1895D0CDEDB71DAE11 /* README.md */,
				AC4FC31E672ED9BDA0719C58 /* LICENSE */,
			);
			name = "Podspec Metadata";
			sourceTree = "<group>";
		};
/* End PBXGroup section */

/* Begin PBXNativeTarget section */
		607FACCF1AFB9204008FA782 /* DWAlertController_Example */ = {
			isa = PBXNativeTarget;
			buildConfigurationList = 607FACEF1AFB9204008FA782 /* Build configuration list for PBXNativeTarget "DWAlertController_Example" */;
			buildPhases = (
				D74008AC23AB70044DEA9BD8 /* [CP] Check Pods Manifest.lock */,
				607FACCC1AFB9204008FA782 /* Sources */,
				607FACCD1AFB9204008FA782 /* Frameworks */,
				607FACCE1AFB9204008FA782 /* Resources */,
				ADFA55914EDD67ACA3EF07AE /* [CP] Embed Pods Frameworks */,
			);
			buildRules = (
			);
			dependencies = (
			);
			name = DWAlertController_Example;
			productName = DWAlertController;
			productReference = 607FACD01AFB9204008FA782 /* DWAlertController_Example.app */;
			productType = "com.apple.product-type.application";
		};
		607FACE41AFB9204008FA782 /* DWAlertController_Tests */ = {
			isa = PBXNativeTarget;
			buildConfigurationList = 607FACF21AFB9204008FA782 /* Build configuration list for PBXNativeTarget "DWAlertController_Tests" */;
			buildPhases = (
				C3093D38EDFEE52D6B8E287E /* [CP] Check Pods Manifest.lock */,
				607FACE11AFB9204008FA782 /* Sources */,
				607FACE21AFB9204008FA782 /* Frameworks */,
				607FACE31AFB9204008FA782 /* Resources */,
			);
			buildRules = (
			);
			dependencies = (
				607FACE71AFB9204008FA782 /* PBXTargetDependency */,
			);
			name = DWAlertController_Tests;
			productName = Tests;
			productReference = 607FACE51AFB9204008FA782 /* DWAlertController_Tests.xctest */;
			productType = "com.apple.product-type.bundle.unit-test";
		};
/* End PBXNativeTarget section */

/* Begin PBXProject section */
		607FACC81AFB9204008FA782 /* Project object */ = {
			isa = PBXProject;
			attributes = {
				LastSwiftUpdateCheck = 0830;
				LastUpgradeCheck = 1030;
				ORGANIZATIONNAME = "Dash Core Group";
				TargetAttributes = {
					607FACCF1AFB9204008FA782 = {
						CreatedOnToolsVersion = 6.3.1;
						DevelopmentTeam = 6PMBQR35S8;
						LastSwiftMigration = 0900;
					};
					607FACE41AFB9204008FA782 = {
						CreatedOnToolsVersion = 6.3.1;
						DevelopmentTeam = 6PMBQR35S8;
						LastSwiftMigration = 0900;
						TestTargetID = 607FACCF1AFB9204008FA782;
					};
				};
			};
			buildConfigurationList = 607FACCB1AFB9204008FA782 /* Build configuration list for PBXProject "DWAlertController" */;
			compatibilityVersion = "Xcode 3.2";
			developmentRegion = English;
			hasScannedForEncodings = 0;
			knownRegions = (
				English,
				en,
				Base,
			);
			mainGroup = 607FACC71AFB9204008FA782;
			productRefGroup = 607FACD11AFB9204008FA782 /* Products */;
			projectDirPath = "";
			projectRoot = "";
			targets = (
				607FACCF1AFB9204008FA782 /* DWAlertController_Example */,
				607FACE41AFB9204008FA782 /* DWAlertController_Tests */,
			);
		};
/* End PBXProject section */

/* Begin PBXResourcesBuildPhase section */
		607FACCE1AFB9204008FA782 /* Resources */ = {
			isa = PBXResourcesBuildPhase;
			buildActionMask = 2147483647;
			files = (
				607FACDB1AFB9204008FA782 /* Main.storyboard in Resources */,
				2ACCD8BA231BC01500A96B62 /* LongText.storyboard in Resources */,
				2ACCD8C5231BC6A200A96B62 /* TextField.storyboard in Resources */,
				607FACE01AFB9204008FA782 /* LaunchScreen.xib in Resources */,
				2ACCD8A6231AAADB00A96B62 /* Rich.storyboard in Resources */,
				607FACDD1AFB9204008FA782 /* Images.xcassets in Resources */,
				2ACCD8C7231BCD7700A96B62 /* FormResult.storyboard in Resources */,
			);
			runOnlyForDeploymentPostprocessing = 0;
		};
		607FACE31AFB9204008FA782 /* Resources */ = {
			isa = PBXResourcesBuildPhase;
			buildActionMask = 2147483647;
			files = (
			);
			runOnlyForDeploymentPostprocessing = 0;
		};
/* End PBXResourcesBuildPhase section */

/* Begin PBXShellScriptBuildPhase section */
		ADFA55914EDD67ACA3EF07AE /* [CP] Embed Pods Frameworks */ = {
			isa = PBXShellScriptBuildPhase;
			buildActionMask = 2147483647;
			files = (
			);
			inputPaths = (
				"${PODS_ROOT}/Target Support Files/Pods-DWAlertController_Example/Pods-DWAlertController_Example-frameworks.sh",
				"${BUILT_PRODUCTS_DIR}/DWAlertController/DWAlertController.framework",
			);
			name = "[CP] Embed Pods Frameworks";
			outputPaths = (
				"${TARGET_BUILD_DIR}/${FRAMEWORKS_FOLDER_PATH}/DWAlertController.framework",
			);
			runOnlyForDeploymentPostprocessing = 0;
			shellPath = /bin/sh;
			shellScript = "\"${PODS_ROOT}/Target Support Files/Pods-DWAlertController_Example/Pods-DWAlertController_Example-frameworks.sh\"\n";
			showEnvVarsInLog = 0;
		};
		C3093D38EDFEE52D6B8E287E /* [CP] Check Pods Manifest.lock */ = {
			isa = PBXShellScriptBuildPhase;
			buildActionMask = 2147483647;
			files = (
			);
			inputFileListPaths = (
			);
			inputPaths = (
				"${PODS_PODFILE_DIR_PATH}/Podfile.lock",
				"${PODS_ROOT}/Manifest.lock",
			);
			name = "[CP] Check Pods Manifest.lock";
			outputFileListPaths = (
			);
			outputPaths = (
				"$(DERIVED_FILE_DIR)/Pods-DWAlertController_Tests-checkManifestLockResult.txt",
			);
			runOnlyForDeploymentPostprocessing = 0;
			shellPath = /bin/sh;
			shellScript = "diff \"${PODS_PODFILE_DIR_PATH}/Podfile.lock\" \"${PODS_ROOT}/Manifest.lock\" > /dev/null\nif [ $? != 0 ] ; then\n    # print error to STDERR\n    echo \"error: The sandbox is not in sync with the Podfile.lock. Run 'pod install' or update your CocoaPods installation.\" >&2\n    exit 1\nfi\n# This output is used by Xcode 'outputs' to avoid re-running this script phase.\necho \"SUCCESS\" > \"${SCRIPT_OUTPUT_FILE_0}\"\n";
			showEnvVarsInLog = 0;
		};
		D74008AC23AB70044DEA9BD8 /* [CP] Check Pods Manifest.lock */ = {
			isa = PBXShellScriptBuildPhase;
			buildActionMask = 2147483647;
			files = (
			);
			inputFileListPaths = (
			);
			inputPaths = (
				"${PODS_PODFILE_DIR_PATH}/Podfile.lock",
				"${PODS_ROOT}/Manifest.lock",
			);
			name = "[CP] Check Pods Manifest.lock";
			outputFileListPaths = (
			);
			outputPaths = (
				"$(DERIVED_FILE_DIR)/Pods-DWAlertController_Example-checkManifestLockResult.txt",
			);
			runOnlyForDeploymentPostprocessing = 0;
			shellPath = /bin/sh;
			shellScript = "diff \"${PODS_PODFILE_DIR_PATH}/Podfile.lock\" \"${PODS_ROOT}/Manifest.lock\" > /dev/null\nif [ $? != 0 ] ; then\n    # print error to STDERR\n    echo \"error: The sandbox is not in sync with the Podfile.lock. Run 'pod install' or update your CocoaPods installation.\" >&2\n    exit 1\nfi\n# This output is used by Xcode 'outputs' to avoid re-running this script phase.\necho \"SUCCESS\" > \"${SCRIPT_OUTPUT_FILE_0}\"\n";
			showEnvVarsInLog = 0;
		};
/* End PBXShellScriptBuildPhase section */

/* Begin PBXSourcesBuildPhase section */
		607FACCC1AFB9204008FA782 /* Sources */ = {
			isa = PBXSourcesBuildPhase;
			buildActionMask = 2147483647;
			files = (
				607FACD81AFB9204008FA782 /* CatalogViewController.swift in Sources */,
				607FACD61AFB9204008FA782 /* AppDelegate.swift in Sources */,
				2ACCD8AB231AB0FD00A96B62 /* PasscodeViewController.swift in Sources */,
				2ACCD8C3231BC69100A96B62 /* FormResultViewController.swift in Sources */,
				2ACCD8B4231B14BF00A96B62 /* CatalogTableViewCell.swift in Sources */,
				2ACCD8BD231BC40100A96B62 /* AdvancedAlertViewController.swift in Sources */,
				2ACCD8BF231BC5BD00A96B62 /* TextFieldViewController.swift in Sources */,
				2ACCD8B7231B201A00A96B62 /* TitleMessageViewController.swift in Sources */,
				2ACCD8A9231AB0E900A96B62 /* NumericPinField.swift in Sources */,
				2ACCD8A4231AAAD100A96B62 /* RichViewController.swift in Sources */,
			);
			runOnlyForDeploymentPostprocessing = 0;
		};
		607FACE11AFB9204008FA782 /* Sources */ = {
			isa = PBXSourcesBuildPhase;
			buildActionMask = 2147483647;
			files = (
				607FACEC1AFB9204008FA782 /* Tests.swift in Sources */,
			);
			runOnlyForDeploymentPostprocessing = 0;
		};
/* End PBXSourcesBuildPhase section */

/* Begin PBXTargetDependency section */
		607FACE71AFB9204008FA782 /* PBXTargetDependency */ = {
			isa = PBXTargetDependency;
			target = 607FACCF1AFB9204008FA782 /* DWAlertController_Example */;
			targetProxy = 607FACE61AFB9204008FA782 /* PBXContainerItemProxy */;
		};
/* End PBXTargetDependency section */

/* Begin PBXVariantGroup section */
		607FACD91AFB9204008FA782 /* Main.storyboard */ = {
			isa = PBXVariantGroup;
			children = (
				607FACDA1AFB9204008FA782 /* Base */,
			);
			name = Main.storyboard;
			sourceTree = "<group>";
		};
		607FACDE1AFB9204008FA782 /* LaunchScreen.xib */ = {
			isa = PBXVariantGroup;
			children = (
				607FACDF1AFB9204008FA782 /* Base */,
			);
			name = LaunchScreen.xib;
			sourceTree = "<group>";
		};
/* End PBXVariantGroup section */

/* Begin XCBuildConfiguration section */
		607FACED1AFB9204008FA782 /* Debug */ = {
			isa = XCBuildConfiguration;
			buildSettings = {
				ALWAYS_SEARCH_USER_PATHS = NO;
				CLANG_ANALYZER_LOCALIZABILITY_NONLOCALIZED = YES;
				CLANG_CXX_LANGUAGE_STANDARD = "gnu++0x";
				CLANG_CXX_LIBRARY = "libc++";
				CLANG_ENABLE_MODULES = YES;
				CLANG_ENABLE_OBJC_ARC = YES;
				CLANG_WARN_BLOCK_CAPTURE_AUTORELEASING = YES;
				CLANG_WARN_BOOL_CONVERSION = YES;
				CLANG_WARN_COMMA = YES;
				CLANG_WARN_CONSTANT_CONVERSION = YES;
				CLANG_WARN_DEPRECATED_OBJC_IMPLEMENTATIONS = YES;
				CLANG_WARN_DIRECT_OBJC_ISA_USAGE = YES_ERROR;
				CLANG_WARN_EMPTY_BODY = YES;
				CLANG_WARN_ENUM_CONVERSION = YES;
				CLANG_WARN_INFINITE_RECURSION = YES;
				CLANG_WARN_INT_CONVERSION = YES;
				CLANG_WARN_NON_LITERAL_NULL_CONVERSION = YES;
				CLANG_WARN_OBJC_IMPLICIT_RETAIN_SELF = YES;
				CLANG_WARN_OBJC_LITERAL_CONVERSION = YES;
				CLANG_WARN_OBJC_ROOT_CLASS = YES_ERROR;
				CLANG_WARN_RANGE_LOOP_ANALYSIS = YES;
				CLANG_WARN_STRICT_PROTOTYPES = YES;
				CLANG_WARN_SUSPICIOUS_MOVE = YES;
				CLANG_WARN_UNREACHABLE_CODE = YES;
				CLANG_WARN__DUPLICATE_METHOD_MATCH = YES;
				"CODE_SIGN_IDENTITY[sdk=iphoneos*]" = "iPhone Developer";
				COPY_PHASE_STRIP = NO;
				DEBUG_INFORMATION_FORMAT = "dwarf-with-dsym";
				ENABLE_STRICT_OBJC_MSGSEND = YES;
				ENABLE_TESTABILITY = YES;
				GCC_C_LANGUAGE_STANDARD = gnu99;
				GCC_DYNAMIC_NO_PIC = NO;
				GCC_NO_COMMON_BLOCKS = YES;
				GCC_OPTIMIZATION_LEVEL = 0;
				GCC_PREPROCESSOR_DEFINITIONS = (
					"DEBUG=1",
					"$(inherited)",
				);
				GCC_SYMBOLS_PRIVATE_EXTERN = NO;
				GCC_WARN_64_TO_32_BIT_CONVERSION = YES;
				GCC_WARN_ABOUT_RETURN_TYPE = YES_ERROR;
				GCC_WARN_UNDECLARED_SELECTOR = YES;
				GCC_WARN_UNINITIALIZED_AUTOS = YES_AGGRESSIVE;
				GCC_WARN_UNUSED_FUNCTION = YES;
				GCC_WARN_UNUSED_VARIABLE = YES;
				IPHONEOS_DEPLOYMENT_TARGET = 9.0;
				MTL_ENABLE_DEBUG_INFO = YES;
				ONLY_ACTIVE_ARCH = YES;
				SDKROOT = iphoneos;
				SWIFT_OPTIMIZATION_LEVEL = "-Onone";
				SWIFT_VERSION = 5.0;
			};
			name = Debug;
		};
		607FACEE1AFB9204008FA782 /* Release */ = {
			isa = XCBuildConfiguration;
			buildSettings = {
				ALWAYS_SEARCH_USER_PATHS = NO;
				CLANG_ANALYZER_LOCALIZABILITY_NONLOCALIZED = YES;
				CLANG_CXX_LANGUAGE_STANDARD = "gnu++0x";
				CLANG_CXX_LIBRARY = "libc++";
				CLANG_ENABLE_MODULES = YES;
				CLANG_ENABLE_OBJC_ARC = YES;
				CLANG_WARN_BLOCK_CAPTURE_AUTORELEASING = YES;
				CLANG_WARN_BOOL_CONVERSION = YES;
				CLANG_WARN_COMMA = YES;
				CLANG_WARN_CONSTANT_CONVERSION = YES;
				CLANG_WARN_DEPRECATED_OBJC_IMPLEMENTATIONS = YES;
				CLANG_WARN_DIRECT_OBJC_ISA_USAGE = YES_ERROR;
				CLANG_WARN_EMPTY_BODY = YES;
				CLANG_WARN_ENUM_CONVERSION = YES;
				CLANG_WARN_INFINITE_RECURSION = YES;
				CLANG_WARN_INT_CONVERSION = YES;
				CLANG_WARN_NON_LITERAL_NULL_CONVERSION = YES;
				CLANG_WARN_OBJC_IMPLICIT_RETAIN_SELF = YES;
				CLANG_WARN_OBJC_LITERAL_CONVERSION = YES;
				CLANG_WARN_OBJC_ROOT_CLASS = YES_ERROR;
				CLANG_WARN_RANGE_LOOP_ANALYSIS = YES;
				CLANG_WARN_STRICT_PROTOTYPES = YES;
				CLANG_WARN_SUSPICIOUS_MOVE = YES;
				CLANG_WARN_UNREACHABLE_CODE = YES;
				CLANG_WARN__DUPLICATE_METHOD_MATCH = YES;
				"CODE_SIGN_IDENTITY[sdk=iphoneos*]" = "iPhone Developer";
				COPY_PHASE_STRIP = NO;
				DEBUG_INFORMATION_FORMAT = "dwarf-with-dsym";
				ENABLE_NS_ASSERTIONS = NO;
				ENABLE_STRICT_OBJC_MSGSEND = YES;
				GCC_C_LANGUAGE_STANDARD = gnu99;
				GCC_NO_COMMON_BLOCKS = YES;
				GCC_WARN_64_TO_32_BIT_CONVERSION = YES;
				GCC_WARN_ABOUT_RETURN_TYPE = YES_ERROR;
				GCC_WARN_UNDECLARED_SELECTOR = YES;
				GCC_WARN_UNINITIALIZED_AUTOS = YES_AGGRESSIVE;
				GCC_WARN_UNUSED_FUNCTION = YES;
				GCC_WARN_UNUSED_VARIABLE = YES;
				IPHONEOS_DEPLOYMENT_TARGET = 9.0;
				MTL_ENABLE_DEBUG_INFO = NO;
				SDKROOT = iphoneos;
				SWIFT_OPTIMIZATION_LEVEL = "-Owholemodule";
				SWIFT_VERSION = 5.0;
				VALIDATE_PRODUCT = YES;
			};
			name = Release;
		};
		607FACF01AFB9204008FA782 /* Debug */ = {
			isa = XCBuildConfiguration;
			baseConfigurationReference = C2B614D9A5B3D41654FBA50E /* Pods-DWAlertController_Example.debug.xcconfig */;
			buildSettings = {
				ASSETCATALOG_COMPILER_APPICON_NAME = AppIcon;
				DEVELOPMENT_TEAM = 6PMBQR35S8;
				INFOPLIST_FILE = DWAlertController/Info.plist;
				LD_RUNPATH_SEARCH_PATHS = "$(inherited) @executable_path/Frameworks";
				MODULE_NAME = ExampleApp;
				PRODUCT_BUNDLE_IDENTIFIER = "org.cocoapods.demo.$(PRODUCT_NAME:rfc1034identifier)";
				PRODUCT_NAME = "$(TARGET_NAME)";
				SWIFT_SWIFT3_OBJC_INFERENCE = Default;
				TARGETED_DEVICE_FAMILY = "1,2";
			};
			name = Debug;
		};
		607FACF11AFB9204008FA782 /* Release */ = {
			isa = XCBuildConfiguration;
			baseConfigurationReference = A034BE6BB61427031B432D1A /* Pods-DWAlertController_Example.release.xcconfig */;
			buildSettings = {
				ASSETCATALOG_COMPILER_APPICON_NAME = AppIcon;
				DEVELOPMENT_TEAM = 6PMBQR35S8;
				INFOPLIST_FILE = DWAlertController/Info.plist;
				LD_RUNPATH_SEARCH_PATHS = "$(inherited) @executable_path/Frameworks";
				MODULE_NAME = ExampleApp;
				PRODUCT_BUNDLE_IDENTIFIER = "org.cocoapods.demo.$(PRODUCT_NAME:rfc1034identifier)";
				PRODUCT_NAME = "$(TARGET_NAME)";
				SWIFT_SWIFT3_OBJC_INFERENCE = Default;
				TARGETED_DEVICE_FAMILY = "1,2";
			};
			name = Release;
		};
		607FACF31AFB9204008FA782 /* Debug */ = {
			isa = XCBuildConfiguration;
			baseConfigurationReference = 14F600EE9D1132F8A66DC9CB /* Pods-DWAlertController_Tests.debug.xcconfig */;
			buildSettings = {
				DEVELOPMENT_TEAM = 6PMBQR35S8;
				FRAMEWORK_SEARCH_PATHS = (
					"$(PLATFORM_DIR)/Developer/Library/Frameworks",
					"$(inherited)",
				);
				GCC_PREPROCESSOR_DEFINITIONS = (
					"DEBUG=1",
					"$(inherited)",
				);
				INFOPLIST_FILE = Tests/Info.plist;
				LD_RUNPATH_SEARCH_PATHS = "$(inherited) @executable_path/Frameworks @loader_path/Frameworks";
				PRODUCT_BUNDLE_IDENTIFIER = "org.cocoapods.$(PRODUCT_NAME:rfc1034identifier)";
				PRODUCT_NAME = "$(TARGET_NAME)";
				SWIFT_SWIFT3_OBJC_INFERENCE = Default;
				TEST_HOST = "$(BUILT_PRODUCTS_DIR)/DWAlertController_Example.app/DWAlertController_Example";
			};
			name = Debug;
		};
		607FACF41AFB9204008FA782 /* Release */ = {
			isa = XCBuildConfiguration;
			baseConfigurationReference = 21961216DC1C2BD5C8BD157C /* Pods-DWAlertController_Tests.release.xcconfig */;
			buildSettings = {
				DEVELOPMENT_TEAM = 6PMBQR35S8;
				FRAMEWORK_SEARCH_PATHS = (
					"$(PLATFORM_DIR)/Developer/Library/Frameworks",
					"$(inherited)",
				);
				INFOPLIST_FILE = Tests/Info.plist;
				LD_RUNPATH_SEARCH_PATHS = "$(inherited) @executable_path/Frameworks @loader_path/Frameworks";
				PRODUCT_BUNDLE_IDENTIFIER = "org.cocoapods.$(PRODUCT_NAME:rfc1034identifier)";
				PRODUCT_NAME = "$(TARGET_NAME)";
				SWIFT_SWIFT3_OBJC_INFERENCE = Default;
				TEST_HOST = "$(BUILT_PRODUCTS_DIR)/DWAlertController_Example.app/DWAlertController_Example";
			};
			name = Release;
		};
/* End XCBuildConfiguration section */

/* Begin XCConfigurationList section */
		607FACCB1AFB9204008FA782 /* Build configuration list for PBXProject "DWAlertController" */ = {
			isa = XCConfigurationList;
			buildConfigurations = (
				607FACED1AFB9204008FA782 /* Debug */,
				607FACEE1AFB9204008FA782 /* Release */,
			);
			defaultConfigurationIsVisible = 0;
			defaultConfigurationName = Release;
		};
		607FACEF1AFB9204008FA782 /* Build configuration list for PBXNativeTarget "DWAlertController_Example" */ = {
			isa = XCConfigurationList;
			buildConfigurations = (
				607FACF01AFB9204008FA782 /* Debug */,
				607FACF11AFB9204008FA782 /* Release */,
			);
			defaultConfigurationIsVisible = 0;
			defaultConfigurationName = Release;
		};
		607FACF21AFB9204008FA782 /* Build configuration list for PBXNativeTarget "DWAlertController_Tests" */ = {
			isa = XCConfigurationList;
			buildConfigurations = (
				607FACF31AFB9204008FA782 /* Debug */,
				607FACF41AFB9204008FA782 /* Release */,
			);
			defaultConfigurationIsVisible = 0;
			defaultConfigurationName = Release;
		};
/* End XCConfigurationList section */
	};
	rootObject = 607FACC81AFB9204008FA782 /* Project object */;
}
